
Microsoft Visual Studio Solution File, Format Version 12.00
# Visual Studio Version 17
VisualStudioVersion = 17.2.32630.192
MinimumVisualStudioVersion = 10.0.40219.1
Project("{9A19103F-16F7-4668-BE54-9A1E7A4F7556}") = "JHelpers6", "JHelpers6\JHelpers6.csproj", "{1E0D2072-A880-45A7-8275-51FFCAD89007}"
EndProject
Project("{9A19103F-16F7-4668-BE54-9A1E7A4F7556}") = "JHelpers6Test", "JHelpers6Test\JHelpers6Test.csproj", "{30E0ECEC-EF0E-499B-B7E9-DF411E56E45E}"
EndProject
Global
	GlobalSection(SolutionConfigurationPlatforms) = preSolution
		Debug|Any CPU = Debug|Any CPU
		Release|Any CPU = Release|Any CPU
	EndGlobalSection
	GlobalSection(ProjectConfigurationPlatforms) = postSolution
		{1E0D2072-A880-45A7-8275-51FFCAD89007}.Debug|Any CPU.ActiveCfg = Debug|Any CPU
		{1E0D2072-A880-45A7-8275-51FFCAD89007}.Debug|Any CPU.Build.0 = Debug|Any CPU
		{1E0D2072-A880-45A7-8275-51FFCAD89007}.Release|Any CPU.ActiveCfg = Release|Any CPU
		{1E0D2072-A880-45A7-8275-51FFCAD89007}.Release|Any CPU.Build.0 = Release|Any CPU
		{30E0ECEC-EF0E-499B-B7E9-DF411E56E45E}.Debug|Any CPU.ActiveCfg = Debug|Any CPU
		{30E0ECEC-EF0E-499B-B7E9-DF411E56E45E}.Debug|Any CPU.Build.0 = Debug|Any CPU
		{30E0ECEC-EF0E-499B-B7E9-DF411E56E45E}.Release|Any CPU.ActiveCfg = Release|Any CPU
		{30E0ECEC-EF0E-499B-B7E9-DF411E56E45E}.Release|Any CPU.Build.0 = Release|Any CPU
	EndGlobalSection
	GlobalSection(SolutionProperties) = preSolution
		HideSolutionNode = FALSE
	EndGlobalSection
	GlobalSection(ExtensibilityGlobals) = postSolution
		SolutionGuid = {D7A0D762-3F16-4C65-AFD1-37B95D5637DB}
	EndGlobalSection
EndGlobal
